
Microsoft Visual Studio Solution File, Format Version 12.00
# Visual Studio Version 17
VisualStudioVersion = 17.2.32630.192
MinimumVisualStudioVersion = 10.0.40219.1
Project("{9A19103F-16F7-4668-BE54-9A1E7A4F7556}") = "Walks.API", "Walks.API.csproj", "{020FAA69-BB24-4CE0-B916-87869D758696}"
EndProject
Global
	GlobalSection(SolutionConfigurationPlatforms) = preSolution
		Debug|Any CPU = Debug|Any CPU
		Release|Any CPU = Release|Any CPU
	EndGlobalSection
	GlobalSection(ProjectConfigurationPlatforms) = postSolution
		{020FAA69-BB24-4CE0-B916-87869D758696}.Debug|Any CPU.ActiveCfg = Debug|Any CPU
		{020FAA69-BB24-4CE0-B916-87869D758696}.Debug|Any CPU.Build.0 = Debug|Any CPU
		{020FAA69-BB24-4CE0-B916-87869D758696}.Release|Any CPU.ActiveCfg = Release|Any CPU
		{020FAA69-BB24-4CE0-B916-87869D758696}.Release|Any CPU.Build.0 = Release|Any CPU
	EndGlobalSection
	GlobalSection(SolutionProperties) = preSolution
		HideSolutionNode = FALSE
	EndGlobalSection
	GlobalSection(ExtensibilityGlobals) = postSolution
		SolutionGuid = {129F05D3-7DA1-4A30-A4C6-19AF2C7FAB77}
	EndGlobalSection
EndGlobal
